
Microsoft Visual Studio Solution File, Format Version 12.00
# Visual Studio Version 17
VisualStudioVersion = 17.8.34511.84
MinimumVisualStudioVersion = 10.0.40219.1
Project("{8BC9CEB8-8B4A-11D0-8D11-00A0C91BC942}") = "PG3_04_02", "PG3_04_02.vcxproj", "{E35B2BAC-7692-4C07-9CA3-522DC0DD2CAF}"
EndProject
Global
	GlobalSection(SolutionConfigurationPlatforms) = preSolution
		Debug|x64 = Debug|x64
		Release|x64 = Release|x64
	EndGlobalSection
	GlobalSection(ProjectConfigurationPlatforms) = postSolution
		{E35B2BAC-7692-4C07-9CA3-522DC0DD2CAF}.Debug|x64.ActiveCfg = Debug|x64
		{E35B2BAC-7692-4C07-9CA3-522DC0DD2CAF}.Debug|x64.Build.0 = Debug|x64
		{E35B2BAC-7692-4C07-9CA3-522DC0DD2CAF}.Release|x64.ActiveCfg = Release|x64
		{E35B2BAC-7692-4C07-9CA3-522DC0DD2CAF}.Release|x64.Build.0 = Release|x64
	EndGlobalSection
	GlobalSection(SolutionProperties) = preSolution
		HideSolutionNode = FALSE
	EndGlobalSection
	GlobalSection(ExtensibilityGlobals) = postSolution
		SolutionGuid = {3EC88F52-BEAC-42E3-8892-9CA71724F02D}
	EndGlobalSection
EndGlobal
